
Microsoft Visual Studio Solution File, Format Version 12.00
# Visual Studio 15
VisualStudioVersion = 15.0.28307.489
MinimumVisualStudioVersion = 10.0.40219.1
Project("{8BC9CEB8-8B4A-11D0-8D11-00A0C91BC942}") = "Github_v1", "Github_v1\Github_v1.vcxproj", "{6BD9D4E5-1F71-4B62-ACE5-2BC4B3D6D6F0}"
EndProject
Global
	GlobalSection(SolutionConfigurationPlatforms) = preSolution
		Debug|x64 = Debug|x64
		Debug|x86 = Debug|x86
		Release|x64 = Release|x64
		Release|x86 = Release|x86
	EndGlobalSection
	GlobalSection(ProjectConfigurationPlatforms) = postSolution
		{6BD9D4E5-1F71-4B62-ACE5-2BC4B3D6D6F0}.Debug|x64.ActiveCfg = Debug|x64
		{6BD9D4E5-1F71-4B62-ACE5-2BC4B3D6D6F0}.Debug|x64.Build.0 = Debug|x64
		{6BD9D4E5-1F71-4B62-ACE5-2BC4B3D6D6F0}.Debug|x86.ActiveCfg = Debug|Win32
		{6BD9D4E5-1F71-4B62-ACE5-2BC4B3D6D6F0}.Debug|x86.Build.0 = Debug|Win32
		{6BD9D4E5-1F71-4B62-ACE5-2BC4B3D6D6F0}.Release|x64.ActiveCfg = Release|x64
		{6BD9D4E5-1F71-4B62-ACE5-2BC4B3D6D6F0}.Release|x64.Build.0 = Release|x64
		{6BD9D4E5-1F71-4B62-ACE5-2BC4B3D6D6F0}.Release|x86.ActiveCfg = Release|Win32
		{6BD9D4E5-1F71-4B62-ACE5-2BC4B3D6D6F0}.Release|x86.Build.0 = Release|Win32
	EndGlobalSection
	GlobalSection(SolutionProperties) = preSolution
		HideSolutionNode = FALSE
	EndGlobalSection
	GlobalSection(ExtensibilityGlobals) = postSolution
		SolutionGuid = {865CD3C3-FDE2-4034-86E3-E76948111A3A}
	EndGlobalSection
EndGlobal
